
Microsoft Visual Studio Solution File, Format Version 12.00
# Visual Studio Version 17
VisualStudioVersion = 17.6.33801.468
MinimumVisualStudioVersion = 10.0.40219.1
Project("{FAE04EC0-301F-11D3-BF4B-00C04F79EFBC}") = "Aplicacion3.Android", "Aplicacion3\Aplicacion3.Android\Aplicacion3.Android.csproj", "{F62CEA6C-6A47-4368-B858-763530BD8E4C}"
EndProject
Project("{FAE04EC0-301F-11D3-BF4B-00C04F79EFBC}") = "Aplicacion3.iOS", "Aplicacion3\Aplicacion3.iOS\Aplicacion3.iOS.csproj", "{8676AB45-6765-4D9F-93EC-253033C2356F}"
EndProject
Project("{FAE04EC0-301F-11D3-BF4B-00C04F79EFBC}") = "Aplicacion3", "Aplicacion3\Aplicacion3\Aplicacion3.csproj", "{C9C23E09-F8C7-4A3D-8441-D411CAC648D3}"
EndProject
Global
	GlobalSection(SolutionConfigurationPlatforms) = preSolution
		Debug|Any CPU = Debug|Any CPU
		Debug|iPhone = Debug|iPhone
		Debug|iPhoneSimulator = Debug|iPhoneSimulator
		Release|Any CPU = Release|Any CPU
		Release|iPhone = Release|iPhone
		Release|iPhoneSimulator = Release|iPhoneSimulator
	EndGlobalSection
	GlobalSection(ProjectConfigurationPlatforms) = postSolution
		{F62CEA6C-6A47-4368-B858-763530BD8E4C}.Debug|Any CPU.ActiveCfg = Debug|Any CPU
		{F62CEA6C-6A47-4368-B858-763530BD8E4C}.Debug|Any CPU.Build.0 = Debug|Any CPU
		{F62CEA6C-6A47-4368-B858-763530BD8E4C}.Debug|Any CPU.Deploy.0 = Debug|Any CPU
		{F62CEA6C-6A47-4368-B858-763530BD8E4C}.Debug|iPhone.ActiveCfg = Debug|Any CPU
		{F62CEA6C-6A47-4368-B858-763530BD8E4C}.Debug|iPhone.Build.0 = Debug|Any CPU
		{F62CEA6C-6A47-4368-B858-763530BD8E4C}.Debug|iPhone.Deploy.0 = Debug|Any CPU
		{F62CEA6C-6A47-4368-B858-763530BD8E4C}.Debug|iPhoneSimulator.ActiveCfg = Debug|Any CPU
		{F62CEA6C-6A47-4368-B858-763530BD8E4C}.Debug|iPhoneSimulator.Build.0 = Debug|Any CPU
		{F62CEA6C-6A47-4368-B858-763530BD8E4C}.Debug|iPhoneSimulator.Deploy.0 = Debug|Any CPU
		{F62CEA6C-6A47-4368-B858-763530BD8E4C}.Release|Any CPU.ActiveCfg = Release|Any CPU
		{F62CEA6C-6A47-4368-B858-763530BD8E4C}.Release|Any CPU.Build.0 = Release|Any CPU
		{F62CEA6C-6A47-4368-B858-763530BD8E4C}.Release|Any CPU.Deploy.0 = Release|Any CPU
		{F62CEA6C-6A47-4368-B858-763530BD8E4C}.Release|iPhone.ActiveCfg = Release|Any CPU
		{F62CEA6C-6A47-4368-B858-763530BD8E4C}.Release|iPhone.Build.0 = Release|Any CPU
		{F62CEA6C-6A47-4368-B858-763530BD8E4C}.Release|iPhone.Deploy.0 = Release|Any CPU
		{F62CEA6C-6A47-4368-B858-763530BD8E4C}.Release|iPhoneSimulator.ActiveCfg = Release|Any CPU
		{F62CEA6C-6A47-4368-B858-763530BD8E4C}.Release|iPhoneSimulator.Build.0 = Release|Any CPU
		{F62CEA6C-6A47-4368-B858-763530BD8E4C}.Release|iPhoneSimulator.Deploy.0 = Release|Any CPU
		{8676AB45-6765-4D9F-93EC-253033C2356F}.Debug|Any CPU.ActiveCfg = Debug|iPhone
		{8676AB45-6765-4D9F-93EC-253033C2356F}.Debug|Any CPU.Build.0 = Debug|iPhone
		{8676AB45-6765-4D9F-93EC-253033C2356F}.Debug|Any CPU.Deploy.0 = Debug|iPhone
		{8676AB45-6765-4D9F-93EC-253033C2356F}.Debug|iPhone.ActiveCfg = Debug|iPhone
		{8676AB45-6765-4D9F-93EC-253033C2356F}.Debug|iPhone.Build.0 = Debug|iPhone
		{8676AB45-6765-4D9F-93EC-253033C2356F}.Debug|iPhone.Deploy.0 = Debug|iPhone
		{8676AB45-6765-4D9F-93EC-253033C2356F}.Debug|iPhoneSimulator.ActiveCfg = Debug|iPhoneSimulator
		{8676AB45-6765-4D9F-93EC-253033C2356F}.Debug|iPhoneSimulator.Build.0 = Debug|iPhoneSimulator
		{8676AB45-6765-4D9F-93EC-253033C2356F}.Debug|iPhoneSimulator.Deploy.0 = Debug|iPhoneSimulator
		{8676AB45-6765-4D9F-93EC-253033C2356F}.Release|Any CPU.ActiveCfg = Release|iPhoneSimulator
		{8676AB45-6765-4D9F-93EC-253033C2356F}.Release|Any CPU.Build.0 = Release|iPhoneSimulator
		{8676AB45-6765-4D9F-93EC-253033C2356F}.Release|Any CPU.Deploy.0 = Release|iPhoneSimulator
		{8676AB45-6765-4D9F-93EC-253033C2356F}.Release|iPhone.ActiveCfg = Release|iPhone
		{8676AB45-6765-4D9F-93EC-253033C2356F}.Release|iPhone.Build.0 = Release|iPhone
		{8676AB45-6765-4D9F-93EC-253033C2356F}.Release|iPhone.Deploy.0 = Release|iPhone
		{8676AB45-6765-4D9F-93EC-253033C2356F}.Release|iPhoneSimulator.ActiveCfg = Release|iPhoneSimulator
		{8676AB45-6765-4D9F-93EC-253033C2356F}.Release|iPhoneSimulator.Build.0 = Release|iPhoneSimulator
		{8676AB45-6765-4D9F-93EC-253033C2356F}.Release|iPhoneSimulator.Deploy.0 = Release|iPhoneSimulator
		{C9C23E09-F8C7-4A3D-8441-D411CAC648D3}.Debug|Any CPU.ActiveCfg = Debug|Any CPU
		{C9C23E09-F8C7-4A3D-8441-D411CAC648D3}.Debug|Any CPU.Build.0 = Debug|Any CPU
		{C9C23E09-F8C7-4A3D-8441-D411CAC648D3}.Debug|Any CPU.Deploy.0 = Debug|Any CPU
		{C9C23E09-F8C7-4A3D-8441-D411CAC648D3}.Debug|iPhone.ActiveCfg = Debug|Any CPU
		{C9C23E09-F8C7-4A3D-8441-D411CAC648D3}.Debug|iPhone.Build.0 = Debug|Any CPU
		{C9C23E09-F8C7-4A3D-8441-D411CAC648D3}.Debug|iPhone.Deploy.0 = Debug|Any CPU
		{C9C23E09-F8C7-4A3D-8441-D411CAC648D3}.Debug|iPhoneSimulator.ActiveCfg = Debug|Any CPU
		{C9C23E09-F8C7-4A3D-8441-D411CAC648D3}.Debug|iPhoneSimulator.Build.0 = Debug|Any CPU
		{C9C23E09-F8C7-4A3D-8441-D411CAC648D3}.Debug|iPhoneSimulator.Deploy.0 = Debug|Any CPU
		{C9C23E09-F8C7-4A3D-8441-D411CAC648D3}.Release|Any CPU.ActiveCfg = Release|Any CPU
		{C9C23E09-F8C7-4A3D-8441-D411CAC648D3}.Release|Any CPU.Build.0 = Release|Any CPU
		{C9C23E09-F8C7-4A3D-8441-D411CAC648D3}.Release|Any CPU.Deploy.0 = Release|Any CPU
		{C9C23E09-F8C7-4A3D-8441-D411CAC648D3}.Release|iPhone.ActiveCfg = Release|Any CPU
		{C9C23E09-F8C7-4A3D-8441-D411CAC648D3}.Release|iPhone.Build.0 = Release|Any CPU
		{C9C23E09-F8C7-4A3D-8441-D411CAC648D3}.Release|iPhone.Deploy.0 = Release|Any CPU
		{C9C23E09-F8C7-4A3D-8441-D411CAC648D3}.Release|iPhoneSimulator.ActiveCfg = Release|Any CPU
		{C9C23E09-F8C7-4A3D-8441-D411CAC648D3}.Release|iPhoneSimulator.Build.0 = Release|Any CPU
		{C9C23E09-F8C7-4A3D-8441-D411CAC648D3}.Release|iPhoneSimulator.Deploy.0 = Release|Any CPU
	EndGlobalSection
	GlobalSection(SolutionProperties) = preSolution
		HideSolutionNode = FALSE
	EndGlobalSection
	GlobalSection(ExtensibilityGlobals) = postSolution
		SolutionGuid = {CE2F558C-04DC-49DA-8272-89B6B64D459F}
	EndGlobalSection
EndGlobal
